
Microsoft Visual Studio Solution File, Format Version 12.00
# Visual Studio Version 16
VisualStudioVersion = 16.0.28922.388
MinimumVisualStudioVersion = 10.0.40219.1
Project("{FAE04EC0-301F-11D3-BF4B-00C04F79EFBC}") = "AviaToolset", "AviaToolset\AviaToolset.csproj", "{AD573A2F-7EA2-4C37-94DC-786928F22E08}"
EndProject
Global
	GlobalSection(SolutionConfigurationPlatforms) = preSolution
		Debug|Any CPU = Debug|Any CPU
		Release|Any CPU = Release|Any CPU
	EndGlobalSection
	GlobalSection(ProjectConfigurationPlatforms) = postSolution
		{AD573A2F-7EA2-4C37-94DC-786928F22E08}.Debug|Any CPU.ActiveCfg = Debug|Any CPU
		{AD573A2F-7EA2-4C37-94DC-786928F22E08}.Debug|Any CPU.Build.0 = Debug|Any CPU
		{AD573A2F-7EA2-4C37-94DC-786928F22E08}.Release|Any CPU.ActiveCfg = Release|Any CPU
		{AD573A2F-7EA2-4C37-94DC-786928F22E08}.Release|Any CPU.Build.0 = Release|Any CPU
	EndGlobalSection
	GlobalSection(SolutionProperties) = preSolution
		HideSolutionNode = FALSE
	EndGlobalSection
	GlobalSection(ExtensibilityGlobals) = postSolution
		SolutionGuid = {42126DA7-EC8A-42E6-9279-5FBAFC21BC5F}
	EndGlobalSection
EndGlobal
